<?xml version="1.0" encoding="utf-8"?>
<Project ToolsVersion="4.0" xmlns="http://schemas.microsoft.com/developer/msbuild/2003">
  <ItemGroup>
    <Filter Include="Source Files">
      <UniqueIdentifier>{4FC737F1-C7A5-4376-A066-2A32D752A2FF}</UniqueIdentifier>
      <Extensions>cpp;c;cc;cxx;def;odl;idl;hpj;bat;asm;asmx</Extensions>
    </Filter>
    <Filter Include="Header Files">
      <UniqueIdentifier>{93995380-89BD-4b04-88EB-625FBE52EBFB}</UniqueIdentifier>
      <Extensions>h;hh;hpp;hxx;hm;inl;inc;xsd</Extensions>
    </Filter>
    <Filter Include="Resource Files">
      <UniqueIdentifier>{67DA6AB6-F800-4c08-8B7A-83BB121AAD01}</UniqueIdentifier>
      <Extensions>rc;ico;cur;bmp;dlg;rc2;rct;bin;rgs;gif;jpg;jpeg;jpe;resx;tiff;tif;png;wav;mfcribbon-ms</Extensions>
    </Filter>
    <Filter Include="Conscientia Engine">
      <UniqueIdentifier>{0d45922c-6d8f-4f39-ba5a-373b8fac499e}</UniqueIdentifier>
    </Filter>
    <Filter Include="Creo Engine">
      <UniqueIdentifier>{68767f58-a62f-45fb-bc37-5fd73af33bd2}</UniqueIdentifier>
    </Filter>
    <Filter Include="Creo Engine\Header Files">
      <UniqueIdentifier>{bc8a0480-5800-44ae-93ca-60ad7abc334f}</UniqueIdentifier>
    </Filter>
    <Filter Include="Conscientia Engine\Source Files">
      <UniqueIdentifier>{fd538af4-0770-4185-a3e7-aa4170437aac}</UniqueIdentifier>
    </Filter>
    <Filter Include="Conscientia Engine\Header Files">
      <UniqueIdentifier>{860f1b13-94a1-4d10-a678-f9d0b627489e}</UniqueIdentifier>
    </Filter>
    <Filter Include="Creo Engine\Resource Files">
      <UniqueIdentifier>{3151fa79-38e4-456c-92f7-12b4845cd5ed}</UniqueIdentifier>
    </Filter>
    <Filter Include="Creo Engine\Header Files\Library Declarations">
      <UniqueIdentifier>{5cc87cd2-9238-40ee-88e3-5ca27d438932}</UniqueIdentifier>
    </Filter>
    <Filter Include="Creo Engine\Header Files\Definitions">
      <UniqueIdentifier>{7d641d1a-9c34-43bf-81f3-2aa2df1ce903}</UniqueIdentifier>
    </Filter>
    <Filter Include="Creo Engine\Core">
      <UniqueIdentifier>{47a3f491-c92e-4018-8e87-6c6902c25a95}</UniqueIdentifier>
    </Filter>
    <Filter Include="Creo Engine\Core\Header Files">
      <UniqueIdentifier>{3895d04f-f11d-4bcd-90c6-06a7c8fa4a9d}</UniqueIdentifier>
    </Filter>
    <Filter Include="Creo Engine\Core\Source Files">
      <UniqueIdentifier>{f9442bb7-6548-4946-8e63-aea5f7d43646}</UniqueIdentifier>
    </Filter>
    <Filter Include="Creo Engine\Graphics">
      <UniqueIdentifier>{b7c18aa2-796e-44c2-a5d4-fe868a51077c}</UniqueIdentifier>
    </Filter>
    <Filter Include="Creo Engine\Graphics\Header Files">
      <UniqueIdentifier>{4b4e2fc1-c192-438b-8eb6-7389f8f77370}</UniqueIdentifier>
    </Filter>
    <Filter Include="Creo Engine\Graphics\Source Files">
      <UniqueIdentifier>{31869a4d-008b-46d6-b8fd-0f7280b46d02}</UniqueIdentifier>
    </Filter>
    <Filter Include="Creo Engine\Audio">
      <UniqueIdentifier>{8ebba766-3534-4ed9-937e-eb3eb6dfaaec}</UniqueIdentifier>
    </Filter>
    <Filter Include="Creo Engine\Audio\Header Files">
      <UniqueIdentifier>{f58a11a9-0862-42a0-99d7-17f07c95d581}</UniqueIdentifier>
    </Filter>
    <Filter Include="Creo Engine\Audio\Source Files">
      <UniqueIdentifier>{57fe37ac-8050-45b9-b273-3390ad79c203}</UniqueIdentifier>
    </Filter>
  </ItemGroup>
  <ItemGroup>
    <ClCompile Include="Core.cpp">
      <Filter>Source Files</Filter>
    </ClCompile>
    <ClCompile Include="Conscientia\Conscientia.cpp">
      <Filter>Conscientia Engine\Source Files</Filter>
    </ClCompile>
    <ClCompile Include="Creo\Creo Core.cpp">
      <Filter>Creo Engine\Core\Source Files</Filter>
    </ClCompile>
    <ClCompile Include="Creo\Graphics\Graphics Core.cpp">
      <Filter>Creo Engine\Graphics\Source Files</Filter>
    </ClCompile>
    <ClCompile Include="Creo\Graphics\Graphics Data.cpp">
      <Filter>Creo Engine\Graphics\Source Files</Filter>
    </ClCompile>
    <ClCompile Include="Creo\Graphics\Graphics Framework.cpp">
      <Filter>Creo Engine\Graphics\Source Files</Filter>
    </ClCompile>
    <ClCompile Include="Creo\Graphics\Graphics Object.cpp">
      <Filter>Creo Engine\Graphics\Source Files</Filter>
    </ClCompile>
    <ClCompile Include="Creo\Graphics\Graphics Points.cpp">
      <Filter>Creo Engine\Graphics\Source Files</Filter>
    </ClCompile>
    <ClCompile Include="Creo\Graphics\Graphics Shaders.cpp">
      <Filter>Creo Engine\Graphics\Source Files</Filter>
    </ClCompile>
    <ClCompile Include="Creo\Graphics\Graphics Windows.cpp">
      <Filter>Creo Engine\Graphics\Source Files</Filter>
    </ClCompile>
  </ItemGroup>
  <ItemGroup>
    <Text Include="Log.log">
      <Filter>Resource Files</Filter>
    </Text>
  </ItemGroup>
  <ItemGroup>
    <None Include="Log Code Key.dev">
      <Filter>Resource Files</Filter>
    </None>
  </ItemGroup>
  <ItemGroup>
    <ClInclude Include="Conscientia\Conscientia.h">
      <Filter>Conscientia Engine\Header Files</Filter>
    </ClInclude>
    <ClInclude Include="Creo\Group Headers\Libraries.h">
      <Filter>Creo Engine\Header Files\Library Declarations</Filter>
    </ClInclude>
    <ClInclude Include="Creo\Group Headers\OpenGL Libraries.h">
      <Filter>Creo Engine\Header Files\Library Declarations</Filter>
    </ClInclude>
    <ClInclude Include="Creo\Declarations\Definitions.h">
      <Filter>Creo Engine\Header Files\Definitions</Filter>
    </ClInclude>
    <ClInclude Include="Creo\Declarations\Math Definitions.h">
      <Filter>Creo Engine\Header Files\Definitions</Filter>
    </ClInclude>
    <ClInclude Include="Creo\Creo Core.h">
      <Filter>Creo Engine\Core\Header Files</Filter>
    </ClInclude>
    <ClInclude Include="Creo\Graphics\Graphics Core.h">
      <Filter>Creo Engine\Graphics\Header Files</Filter>
    </ClInclude>
    <ClInclude Include="Creo\Graphics\Graphics Data.h">
      <Filter>Creo Engine\Graphics\Header Files</Filter>
    </ClInclude>
    <ClInclude Include="Creo\Graphics\Graphics Framework.h">
      <Filter>Creo Engine\Graphics\Header Files</Filter>
    </ClInclude>
    <ClInclude Include="Creo\Graphics\Graphics Object.h">
      <Filter>Creo Engine\Graphics\Header Files</Filter>
    </ClInclude>
    <ClInclude Include="Creo\Graphics\Graphics Points.h">
      <Filter>Creo Engine\Graphics\Header Files</Filter>
    </ClInclude>
    <ClInclude Include="Creo\Graphics\Graphics Shaders.h">
      <Filter>Creo Engine\Graphics\Header Files</Filter>
    </ClInclude>
    <ClInclude Include="Creo\Graphics\Graphics Windows.h">
      <Filter>Creo Engine\Graphics\Header Files</Filter>
    </ClInclude>
    <ClInclude Include="Creo\Graphics\Graphics Headers.h">
      <Filter>Creo Engine\Graphics\Header Files</Filter>
    </ClInclude>
    <ClInclude Include="Creo\Declarations\Program Definitions.h">
      <Filter>Creo Engine\Header Files\Definitions</Filter>
    </ClInclude>
  </ItemGroup>
</Project>